<?xml version="1.0" encoding="utf-8"?>
<Project ToolsVersion="4.0" xmlns="http://schemas.microsoft.com/developer/msbuild/2003">
  <ItemGroup>
    <Filter Include="Source Files">
      <UniqueIdentifier>{4FC737F1-C7A5-4376-A066-2A32D752A2FF}</UniqueIdentifier>
      <Extensions>cpp;c;cc;cxx;def;odl;idl;hpj;bat;asm;asmx</Extensions>
    </Filter>
    <Filter Include="Header Files">
      <UniqueIdentifier>{93995380-89BD-4b04-88EB-625FBE52EBFB}</UniqueIdentifier>
      <Extensions>h;hh;hpp;hxx;hm;inl;inc;xsd</Extensions>
    </Filter>
    <Filter Include="Resource Files">
      <UniqueIdentifier>{67DA6AB6-F800-4c08-8B7A-83BB121AAD01}</UniqueIdentifier>
      <Extensions>rc;ico;cur;bmp;dlg;rc2;rct;bin;rgs;gif;jpg;jpeg;jpe;resx;tiff;tif;png;wav;mfcribbon-ms</Extensions>
    </Filter>
  </ItemGroup>
  <ItemGroup>
    <Text Include="ReadMe.txt" />
  </ItemGroup>
  <ItemGroup>
    <ClCompile Include="Source\c14n.c">
      <Filter>Source Files</Filter>
    </ClCompile>
    <ClCompile Include="Source\catalog.c">
      <Filter>Source Files</Filter>
    </ClCompile>
    <ClCompile Include="Source\chvalid.c">
      <Filter>Source Files</Filter>
    </ClCompile>
    <ClCompile Include="Source\debugXML.c">
      <Filter>Source Files</Filter>
    </ClCompile>
    <ClCompile Include="Source\dict.c">
      <Filter>Source Files</Filter>
    </ClCompile>
    <ClCompile Include="Source\DOCBparser.c">
      <Filter>Source Files</Filter>
    </ClCompile>
    <ClCompile Include="Source\encoding.c">
      <Filter>Source Files</Filter>
    </ClCompile>
    <ClCompile Include="Source\entities.c">
      <Filter>Source Files</Filter>
    </ClCompile>
    <ClCompile Include="Source\error.c">
      <Filter>Source Files</Filter>
    </ClCompile>
    <ClCompile Include="Source\globals.c">
      <Filter>Source Files</Filter>
    </ClCompile>
    <ClCompile Include="Source\hash.c">
      <Filter>Source Files</Filter>
    </ClCompile>
    <ClCompile Include="Source\HTMLparser.c">
      <Filter>Source Files</Filter>
    </ClCompile>
    <ClCompile Include="Source\HTMLtree.c">
      <Filter>Source Files</Filter>
    </ClCompile>
    <ClCompile Include="Source\legacy.c">
      <Filter>Source Files</Filter>
    </ClCompile>
    <ClCompile Include="Source\list.c">
      <Filter>Source Files</Filter>
    </ClCompile>
    <ClCompile Include="Source\nanoftp.c">
      <Filter>Source Files</Filter>
    </ClCompile>
    <ClCompile Include="Source\nanohttp.c">
      <Filter>Source Files</Filter>
    </ClCompile>
    <ClCompile Include="Source\parser.c">
      <Filter>Source Files</Filter>
    </ClCompile>
    <ClCompile Include="Source\parserInternals.c">
      <Filter>Source Files</Filter>
    </ClCompile>
    <ClCompile Include="Source\pattern.c">
      <Filter>Source Files</Filter>
    </ClCompile>
    <ClCompile Include="Source\relaxng.c">
      <Filter>Source Files</Filter>
    </ClCompile>
    <ClCompile Include="Source\rngparser.c">
      <Filter>Source Files</Filter>
    </ClCompile>
    <ClCompile Include="Source\SAX.c">
      <Filter>Source Files</Filter>
    </ClCompile>
    <ClCompile Include="Source\SAX2.c">
      <Filter>Source Files</Filter>
    </ClCompile>
    <ClCompile Include="Source\schematron.c">
      <Filter>Source Files</Filter>
    </ClCompile>
    <ClCompile Include="Source\threads.c">
      <Filter>Source Files</Filter>
    </ClCompile>
    <ClCompile Include="Source\tree.c">
      <Filter>Source Files</Filter>
    </ClCompile>
    <ClCompile Include="Source\trio.c">
      <Filter>Source Files</Filter>
    </ClCompile>
    <ClCompile Include="Source\trionan.c">
      <Filter>Source Files</Filter>
    </ClCompile>
    <ClCompile Include="Source\triostr.c">
      <Filter>Source Files</Filter>
    </ClCompile>
    <ClCompile Include="Source\uri.c">
      <Filter>Source Files</Filter>
    </ClCompile>
    <ClCompile Include="Source\valid.c">
      <Filter>Source Files</Filter>
    </ClCompile>
    <ClCompile Include="Source\xinclude.c">
      <Filter>Source Files</Filter>
    </ClCompile>
    <ClCompile Include="Source\xlink.c">
      <Filter>Source Files</Filter>
    </ClCompile>
    <ClCompile Include="Source\xmlIO.c">
      <Filter>Source Files</Filter>
    </ClCompile>
    <ClCompile Include="Source\xmlmemory.c">
      <Filter>Source Files</Filter>
    </ClCompile>
    <ClCompile Include="Source\xmlmodule.c">
      <Filter>Source Files</Filter>
    </ClCompile>
    <ClCompile Include="Source\xmlreader.c">
      <Filter>Source Files</Filter>
    </ClCompile>
    <ClCompile Include="Source\xmlregexp.c">
      <Filter>Source Files</Filter>
    </ClCompile>
    <ClCompile Include="Source\xmlsave.c">
      <Filter>Source Files</Filter>
    </ClCompile>
    <ClCompile Include="Source\xmlschemas.c">
      <Filter>Source Files</Filter>
    </ClCompile>
    <ClCompile Include="Source\xmlschemastypes.c">
      <Filter>Source Files</Filter>
    </ClCompile>
    <ClCompile Include="Source\xmlstring.c">
      <Filter>Source Files</Filter>
    </ClCompile>
    <ClCompile Include="Source\xmlunicode.c">
      <Filter>Source Files</Filter>
    </ClCompile>
    <ClCompile Include="Source\xmlwriter.c">
      <Filter>Source Files</Filter>
    </ClCompile>
    <ClCompile Include="Source\xpath.c">
      <Filter>Source Files</Filter>
    </ClCompile>
    <ClCompile Include="Source\xpointer.c">
      <Filter>Source Files</Filter>
    </ClCompile>
    <ClCompile Include="Source\xzlib.c">
      <Filter>Source Files</Filter>
    </ClCompile>
  </ItemGroup>
  <ItemGroup>
    <ClInclude Include="Source\elfgcchack.h">
      <Filter>Header Files</Filter>
    </ClInclude>
    <ClInclude Include="Source\libxml.h">
      <Filter>Header Files</Filter>
    </ClInclude>
    <ClInclude Include="Source\testOOMlib.h">
      <Filter>Header Files</Filter>
    </ClInclude>
    <ClInclude Include="Source\trio.h">
      <Filter>Header Files</Filter>
    </ClInclude>
    <ClInclude Include="Source\triodef.h">
      <Filter>Header Files</Filter>
    </ClInclude>
    <ClInclude Include="Source\trionan.h">
      <Filter>Header Files</Filter>
    </ClInclude>
    <ClInclude Include="Source\triop.h">
      <Filter>Header Files</Filter>
    </ClInclude>
    <ClInclude Include="Source\triostr.h">
      <Filter>Header Files</Filter>
    </ClInclude>
    <ClInclude Include="Source\xzlib.h">
      <Filter>Header Files</Filter>
    </ClInclude>
  </ItemGroup>
</Project>